
Microsoft Visual Studio Solution File, Format Version 12.00
# Visual Studio 2012
Project("{FAE04EC0-301F-11D3-BF4B-00C04F79EFBC}") = "Project Management System", "Project Management System\Project Management System.csproj", "{0DDEC609-26D3-400E-942E-BC749742A7CD}"
EndProject
Project("{2150E333-8FDC-42A3-9474-1A3956D46DE8}") = "Solution Items", "Solution Items", "{A45DB98B-BAA7-4E3D-8FE3-8CE2874D9552}"
EndProject
Global
	GlobalSection(SolutionConfigurationPlatforms) = preSolution
		Debug|Any CPU = Debug|Any CPU
		Release|Any CPU = Release|Any CPU
	EndGlobalSection
	GlobalSection(ProjectConfigurationPlatforms) = postSolution
		{0DDEC609-26D3-400E-942E-BC749742A7CD}.Debug|Any CPU.ActiveCfg = Debug|Any CPU
		{0DDEC609-26D3-400E-942E-BC749742A7CD}.Debug|Any CPU.Build.0 = Debug|Any CPU
		{0DDEC609-26D3-400E-942E-BC749742A7CD}.Release|Any CPU.ActiveCfg = Release|Any CPU
		{0DDEC609-26D3-400E-942E-BC749742A7CD}.Release|Any CPU.Build.0 = Release|Any CPU
	EndGlobalSection
	GlobalSection(SolutionProperties) = preSolution
		HideSolutionNode = FALSE
	EndGlobalSection
EndGlobal
